
Microsoft Visual Studio Solution File, Format Version 12.00
# Visual Studio 15
VisualStudioVersion = 15.0.28307.572
MinimumVisualStudioVersion = 10.0.40219.1
Project("{FAE04EC0-301F-11D3-BF4B-00C04F79EFBC}") = "NetCore.Library", "Library\NetCore.Library\NetCore.Library.csproj", "{CD45DF5A-8CF8-4112-B1AC-7911702B30ED}"
EndProject
Project("{2150E333-8FDC-42A3-9474-1A3956D46DE8}") = "Web", "Web", "{515F532F-7865-48FB-ABDB-DE2DFF76368F}"
EndProject
Project("{2150E333-8FDC-42A3-9474-1A3956D46DE8}") = "Test", "Test", "{0AB3D710-6098-4954-9BC1-E9D9E7A13659}"
EndProject
Project("{2150E333-8FDC-42A3-9474-1A3956D46DE8}") = "Library", "Library", "{3378A880-176C-47B7-91EE-92CAB8AE37B2}"
EndProject
Project("{FAE04EC0-301F-11D3-BF4B-00C04F79EFBC}") = "NetCore.WebAppi", "Web\NetCore.WebAppi\NetCore.WebAppi.csproj", "{D5E79FFC-1253-4FD2-8916-4E184C27D8E2}"
EndProject
Project("{FAE04EC0-301F-11D3-BF4B-00C04F79EFBC}") = "NetCore.Test", "Test\NetCore.Test\NetCore.Test.csproj", "{6D8DA70D-7DDA-4E1B-90F1-A16F0FE41B7D}"
EndProject
Global
	GlobalSection(SolutionConfigurationPlatforms) = preSolution
		Debug|Any CPU = Debug|Any CPU
		Release|Any CPU = Release|Any CPU
	EndGlobalSection
	GlobalSection(ProjectConfigurationPlatforms) = postSolution
		{CD45DF5A-8CF8-4112-B1AC-7911702B30ED}.Debug|Any CPU.ActiveCfg = Debug|Any CPU
		{CD45DF5A-8CF8-4112-B1AC-7911702B30ED}.Debug|Any CPU.Build.0 = Debug|Any CPU
		{CD45DF5A-8CF8-4112-B1AC-7911702B30ED}.Release|Any CPU.ActiveCfg = Release|Any CPU
		{CD45DF5A-8CF8-4112-B1AC-7911702B30ED}.Release|Any CPU.Build.0 = Release|Any CPU
		{D5E79FFC-1253-4FD2-8916-4E184C27D8E2}.Debug|Any CPU.ActiveCfg = Debug|Any CPU
		{D5E79FFC-1253-4FD2-8916-4E184C27D8E2}.Debug|Any CPU.Build.0 = Debug|Any CPU
		{D5E79FFC-1253-4FD2-8916-4E184C27D8E2}.Release|Any CPU.ActiveCfg = Release|Any CPU
		{D5E79FFC-1253-4FD2-8916-4E184C27D8E2}.Release|Any CPU.Build.0 = Release|Any CPU
		{6D8DA70D-7DDA-4E1B-90F1-A16F0FE41B7D}.Debug|Any CPU.ActiveCfg = Debug|Any CPU
		{6D8DA70D-7DDA-4E1B-90F1-A16F0FE41B7D}.Debug|Any CPU.Build.0 = Debug|Any CPU
		{6D8DA70D-7DDA-4E1B-90F1-A16F0FE41B7D}.Release|Any CPU.ActiveCfg = Release|Any CPU
		{6D8DA70D-7DDA-4E1B-90F1-A16F0FE41B7D}.Release|Any CPU.Build.0 = Release|Any CPU
	EndGlobalSection
	GlobalSection(SolutionProperties) = preSolution
		HideSolutionNode = FALSE
	EndGlobalSection
	GlobalSection(NestedProjects) = preSolution
		{CD45DF5A-8CF8-4112-B1AC-7911702B30ED} = {3378A880-176C-47B7-91EE-92CAB8AE37B2}
		{D5E79FFC-1253-4FD2-8916-4E184C27D8E2} = {515F532F-7865-48FB-ABDB-DE2DFF76368F}
		{6D8DA70D-7DDA-4E1B-90F1-A16F0FE41B7D} = {0AB3D710-6098-4954-9BC1-E9D9E7A13659}
	EndGlobalSection
	GlobalSection(ExtensibilityGlobals) = postSolution
		SolutionGuid = {CDD5FD1B-C761-46F9-BF2B-3B11C1FBD77D}
	EndGlobalSection
EndGlobal
